
Microsoft Visual Studio Solution File, Format Version 12.00
# Visual Studio 15
VisualStudioVersion = 15.0.27004.2008
MinimumVisualStudioVersion = 10.0.40219.1
Project("{9A19103F-16F7-4668-BE54-9A1E7A4F7556}") = "Mainline", "Mainline\Mainline.csproj", "{F68D6C72-6076-4EB2-BA68-771A691A44AC}"
EndProject
Project("{9A19103F-16F7-4668-BE54-9A1E7A4F7556}") = "Locomotives", "Locomotives\Locomotives.csproj", "{C1A967CC-BB54-44F4-902C-99DFA118757B}"
EndProject
Project("{9A19103F-16F7-4668-BE54-9A1E7A4F7556}") = "Functions", "Functions\Functions.csproj", "{23BD6504-9843-43A4-B242-DD90FDB7536E}"
EndProject
Project("{FAE04EC0-301F-11D3-BF4B-00C04F79EFBC}") = "XpressNetSharp", "XpressNetSharp\XpressNetSharp.csproj", "{C88B7E76-65BC-4D94-A0D8-12EBDCF6E303}"
EndProject
Project("{2150E333-8FDC-42A3-9474-1A3956D46DE8}") = "RailwayControl", "RailwayControl", "{00E88E7A-8A1E-4431-850F-28CA74801C56}"
EndProject
Project("{9A19103F-16F7-4668-BE54-9A1E7A4F7556}") = "RailwayControlCentre", "RailwayControlCentre\RailwayControlCentre.csproj", "{7A384A2B-E7B4-48F7-8671-3140E4B41C5A}"
EndProject
Project("{9A19103F-16F7-4668-BE54-9A1E7A4F7556}") = "ELink", "ELink\ELink.csproj", "{1D5592D9-F4F8-4E1C-9C8B-540A27795A5E}"
EndProject
Project("{9A19103F-16F7-4668-BE54-9A1E7A4F7556}") = "Accessories", "Accessories\Accessories.csproj", "{E4F2A600-2F2A-43E9-8BA9-B360BBC0AD77}"
EndProject
Project("{FAE04EC0-301F-11D3-BF4B-00C04F79EFBC}") = "Arduino", "Arduino\Arduino.csproj", "{0EDD5366-5890-48C5-93DA-48E988B4F635}"
EndProject
Global
	GlobalSection(SolutionConfigurationPlatforms) = preSolution
		Debug|Any CPU = Debug|Any CPU
		Release|Any CPU = Release|Any CPU
	EndGlobalSection
	GlobalSection(ProjectConfigurationPlatforms) = postSolution
		{F68D6C72-6076-4EB2-BA68-771A691A44AC}.Debug|Any CPU.ActiveCfg = Debug|Any CPU
		{F68D6C72-6076-4EB2-BA68-771A691A44AC}.Debug|Any CPU.Build.0 = Debug|Any CPU
		{F68D6C72-6076-4EB2-BA68-771A691A44AC}.Release|Any CPU.ActiveCfg = Release|Any CPU
		{F68D6C72-6076-4EB2-BA68-771A691A44AC}.Release|Any CPU.Build.0 = Release|Any CPU
		{C1A967CC-BB54-44F4-902C-99DFA118757B}.Debug|Any CPU.ActiveCfg = Debug|Any CPU
		{C1A967CC-BB54-44F4-902C-99DFA118757B}.Debug|Any CPU.Build.0 = Debug|Any CPU
		{C1A967CC-BB54-44F4-902C-99DFA118757B}.Release|Any CPU.ActiveCfg = Release|Any CPU
		{C1A967CC-BB54-44F4-902C-99DFA118757B}.Release|Any CPU.Build.0 = Release|Any CPU
		{23BD6504-9843-43A4-B242-DD90FDB7536E}.Debug|Any CPU.ActiveCfg = Debug|Any CPU
		{23BD6504-9843-43A4-B242-DD90FDB7536E}.Debug|Any CPU.Build.0 = Debug|Any CPU
		{23BD6504-9843-43A4-B242-DD90FDB7536E}.Release|Any CPU.ActiveCfg = Release|Any CPU
		{23BD6504-9843-43A4-B242-DD90FDB7536E}.Release|Any CPU.Build.0 = Release|Any CPU
		{C88B7E76-65BC-4D94-A0D8-12EBDCF6E303}.Debug|Any CPU.ActiveCfg = Debug|Any CPU
		{C88B7E76-65BC-4D94-A0D8-12EBDCF6E303}.Debug|Any CPU.Build.0 = Debug|Any CPU
		{C88B7E76-65BC-4D94-A0D8-12EBDCF6E303}.Release|Any CPU.ActiveCfg = Release|Any CPU
		{C88B7E76-65BC-4D94-A0D8-12EBDCF6E303}.Release|Any CPU.Build.0 = Release|Any CPU
		{7A384A2B-E7B4-48F7-8671-3140E4B41C5A}.Debug|Any CPU.ActiveCfg = Debug|Any CPU
		{7A384A2B-E7B4-48F7-8671-3140E4B41C5A}.Debug|Any CPU.Build.0 = Debug|Any CPU
		{7A384A2B-E7B4-48F7-8671-3140E4B41C5A}.Release|Any CPU.ActiveCfg = Release|Any CPU
		{7A384A2B-E7B4-48F7-8671-3140E4B41C5A}.Release|Any CPU.Build.0 = Release|Any CPU
		{1D5592D9-F4F8-4E1C-9C8B-540A27795A5E}.Debug|Any CPU.ActiveCfg = Debug|Any CPU
		{1D5592D9-F4F8-4E1C-9C8B-540A27795A5E}.Debug|Any CPU.Build.0 = Debug|Any CPU
		{1D5592D9-F4F8-4E1C-9C8B-540A27795A5E}.Release|Any CPU.ActiveCfg = Release|Any CPU
		{1D5592D9-F4F8-4E1C-9C8B-540A27795A5E}.Release|Any CPU.Build.0 = Release|Any CPU
		{E4F2A600-2F2A-43E9-8BA9-B360BBC0AD77}.Debug|Any CPU.ActiveCfg = Debug|Any CPU
		{E4F2A600-2F2A-43E9-8BA9-B360BBC0AD77}.Debug|Any CPU.Build.0 = Debug|Any CPU
		{E4F2A600-2F2A-43E9-8BA9-B360BBC0AD77}.Release|Any CPU.ActiveCfg = Release|Any CPU
		{E4F2A600-2F2A-43E9-8BA9-B360BBC0AD77}.Release|Any CPU.Build.0 = Release|Any CPU
		{0EDD5366-5890-48C5-93DA-48E988B4F635}.Debug|Any CPU.ActiveCfg = Debug|Any CPU
		{0EDD5366-5890-48C5-93DA-48E988B4F635}.Debug|Any CPU.Build.0 = Debug|Any CPU
		{0EDD5366-5890-48C5-93DA-48E988B4F635}.Release|Any CPU.ActiveCfg = Release|Any CPU
		{0EDD5366-5890-48C5-93DA-48E988B4F635}.Release|Any CPU.Build.0 = Release|Any CPU
	EndGlobalSection
	GlobalSection(SolutionProperties) = preSolution
		HideSolutionNode = FALSE
	EndGlobalSection
	GlobalSection(NestedProjects) = preSolution
		{C88B7E76-65BC-4D94-A0D8-12EBDCF6E303} = {00E88E7A-8A1E-4431-850F-28CA74801C56}
		{7A384A2B-E7B4-48F7-8671-3140E4B41C5A} = {00E88E7A-8A1E-4431-850F-28CA74801C56}
		{1D5592D9-F4F8-4E1C-9C8B-540A27795A5E} = {00E88E7A-8A1E-4431-850F-28CA74801C56}
		{0EDD5366-5890-48C5-93DA-48E988B4F635} = {00E88E7A-8A1E-4431-850F-28CA74801C56}
	EndGlobalSection
	GlobalSection(ExtensibilityGlobals) = postSolution
		SolutionGuid = {8BD2F982-6DA9-430C-B736-30BE59B9B702}
	EndGlobalSection
EndGlobal
